
Microsoft Visual Studio Solution File, Format Version 12.00
# Visual Studio Version 17
VisualStudioVersion = 17.9.34622.214
MinimumVisualStudioVersion = 10.0.40219.1
Project("{FAE04EC0-301F-11D3-BF4B-00C04F79EFBC}") = "4.Hafta", "4.Hafta.csproj", "{1EBB8C30-7DB7-4482-AB81-774E977967C9}"
EndProject
Global
	GlobalSection(SolutionConfigurationPlatforms) = preSolution
		Debug|Any CPU = Debug|Any CPU
		Release|Any CPU = Release|Any CPU
	EndGlobalSection
	GlobalSection(ProjectConfigurationPlatforms) = postSolution
		{1EBB8C30-7DB7-4482-AB81-774E977967C9}.Debug|Any CPU.ActiveCfg = Debug|Any CPU
		{1EBB8C30-7DB7-4482-AB81-774E977967C9}.Debug|Any CPU.Build.0 = Debug|Any CPU
		{1EBB8C30-7DB7-4482-AB81-774E977967C9}.Release|Any CPU.ActiveCfg = Release|Any CPU
		{1EBB8C30-7DB7-4482-AB81-774E977967C9}.Release|Any CPU.Build.0 = Release|Any CPU
	EndGlobalSection
	GlobalSection(SolutionProperties) = preSolution
		HideSolutionNode = FALSE
	EndGlobalSection
	GlobalSection(ExtensibilityGlobals) = postSolution
		SolutionGuid = {44F34553-8894-468A-9A35-A677CDAD6BF7}
	EndGlobalSection
EndGlobal
