
Microsoft Visual Studio Solution File, Format Version 12.00
# Visual Studio Version 17
VisualStudioVersion = 17.9.34714.143
MinimumVisualStudioVersion = 10.0.40219.1
Project("{FAE04EC0-301F-11D3-BF4B-00C04F79EFBC}") = "6.Hafta(21.03.24)", "6.Hafta(21.03.24).csproj", "{BD6E5C27-9651-42AF-B797-E9782571E7B2}"
EndProject
Global
	GlobalSection(SolutionConfigurationPlatforms) = preSolution
		Debug|Any CPU = Debug|Any CPU
		Release|Any CPU = Release|Any CPU
	EndGlobalSection
	GlobalSection(ProjectConfigurationPlatforms) = postSolution
		{BD6E5C27-9651-42AF-B797-E9782571E7B2}.Debug|Any CPU.ActiveCfg = Debug|Any CPU
		{BD6E5C27-9651-42AF-B797-E9782571E7B2}.Debug|Any CPU.Build.0 = Debug|Any CPU
		{BD6E5C27-9651-42AF-B797-E9782571E7B2}.Release|Any CPU.ActiveCfg = Release|Any CPU
		{BD6E5C27-9651-42AF-B797-E9782571E7B2}.Release|Any CPU.Build.0 = Release|Any CPU
	EndGlobalSection
	GlobalSection(SolutionProperties) = preSolution
		HideSolutionNode = FALSE
	EndGlobalSection
	GlobalSection(ExtensibilityGlobals) = postSolution
		SolutionGuid = {42074912-680D-4461-ACC8-66D83373B506}
	EndGlobalSection
EndGlobal
