
Microsoft Visual Studio Solution File, Format Version 12.00
# Visual Studio Version 17
VisualStudioVersion = 17.9.34714.143
MinimumVisualStudioVersion = 10.0.40219.1
Project("{FAE04EC0-301F-11D3-BF4B-00C04F79EFBC}") = "7.Hafta(28.03.24)", "7.Hafta(28.03.24).csproj", "{C5E7EA9F-7317-46C0-B8FA-3152F2D39163}"
EndProject
Global
	GlobalSection(SolutionConfigurationPlatforms) = preSolution
		Debug|Any CPU = Debug|Any CPU
		Release|Any CPU = Release|Any CPU
	EndGlobalSection
	GlobalSection(ProjectConfigurationPlatforms) = postSolution
		{C5E7EA9F-7317-46C0-B8FA-3152F2D39163}.Debug|Any CPU.ActiveCfg = Debug|Any CPU
		{C5E7EA9F-7317-46C0-B8FA-3152F2D39163}.Debug|Any CPU.Build.0 = Debug|Any CPU
		{C5E7EA9F-7317-46C0-B8FA-3152F2D39163}.Release|Any CPU.ActiveCfg = Release|Any CPU
		{C5E7EA9F-7317-46C0-B8FA-3152F2D39163}.Release|Any CPU.Build.0 = Release|Any CPU
	EndGlobalSection
	GlobalSection(SolutionProperties) = preSolution
		HideSolutionNode = FALSE
	EndGlobalSection
	GlobalSection(ExtensibilityGlobals) = postSolution
		SolutionGuid = {F4210765-CC4B-43B3-B8A6-CC852A165164}
	EndGlobalSection
EndGlobal
