
Microsoft Visual Studio Solution File, Format Version 12.00
# Visual Studio Version 17
VisualStudioVersion = 17.9.34728.123
MinimumVisualStudioVersion = 10.0.40219.1
Project("{FAE04EC0-301F-11D3-BF4B-00C04F79EFBC}") = "13.Hafta(16.05.24)", "13.Hafta(16.05.24).csproj", "{47854C99-C24F-4C7A-9F9A-0184EA05C158}"
EndProject
Global
	GlobalSection(SolutionConfigurationPlatforms) = preSolution
		Debug|Any CPU = Debug|Any CPU
		Release|Any CPU = Release|Any CPU
	EndGlobalSection
	GlobalSection(ProjectConfigurationPlatforms) = postSolution
		{47854C99-C24F-4C7A-9F9A-0184EA05C158}.Debug|Any CPU.ActiveCfg = Debug|Any CPU
		{47854C99-C24F-4C7A-9F9A-0184EA05C158}.Debug|Any CPU.Build.0 = Debug|Any CPU
		{47854C99-C24F-4C7A-9F9A-0184EA05C158}.Release|Any CPU.ActiveCfg = Release|Any CPU
		{47854C99-C24F-4C7A-9F9A-0184EA05C158}.Release|Any CPU.Build.0 = Release|Any CPU
	EndGlobalSection
	GlobalSection(SolutionProperties) = preSolution
		HideSolutionNode = FALSE
	EndGlobalSection
	GlobalSection(ExtensibilityGlobals) = postSolution
		SolutionGuid = {23990407-6EFF-4A5B-A7FD-EA06B0B9BECE}
	EndGlobalSection
EndGlobal
