
Microsoft Visual Studio Solution File, Format Version 12.00
# Visual Studio Version 17
VisualStudioVersion = 17.9.34723.18
MinimumVisualStudioVersion = 10.0.40219.1
Project("{FAE04EC0-301F-11D3-BF4B-00C04F79EFBC}") = "10.Hafta(18.04.24)", "10.Hafta(18.04.24).csproj", "{C8C019E0-1ECC-4C06-8893-0DB1534618E1}"
EndProject
Global
	GlobalSection(SolutionConfigurationPlatforms) = preSolution
		Debug|Any CPU = Debug|Any CPU
		Release|Any CPU = Release|Any CPU
	EndGlobalSection
	GlobalSection(ProjectConfigurationPlatforms) = postSolution
		{C8C019E0-1ECC-4C06-8893-0DB1534618E1}.Debug|Any CPU.ActiveCfg = Debug|Any CPU
		{C8C019E0-1ECC-4C06-8893-0DB1534618E1}.Debug|Any CPU.Build.0 = Debug|Any CPU
		{C8C019E0-1ECC-4C06-8893-0DB1534618E1}.Release|Any CPU.ActiveCfg = Release|Any CPU
		{C8C019E0-1ECC-4C06-8893-0DB1534618E1}.Release|Any CPU.Build.0 = Release|Any CPU
	EndGlobalSection
	GlobalSection(SolutionProperties) = preSolution
		HideSolutionNode = FALSE
	EndGlobalSection
	GlobalSection(ExtensibilityGlobals) = postSolution
		SolutionGuid = {C0726D2B-ACBA-4652-89E2-538365135899}
	EndGlobalSection
EndGlobal
