
Microsoft Visual Studio Solution File, Format Version 12.00
# Visual Studio Version 17
VisualStudioVersion = 17.9.34622.214
MinimumVisualStudioVersion = 10.0.40219.1
Project("{FAE04EC0-301F-11D3-BF4B-00C04F79EFBC}") = "Donusum", "Donusum.csproj", "{076A27CA-F904-4D63-B4AB-997B9952450F}"
EndProject
Global
	GlobalSection(SolutionConfigurationPlatforms) = preSolution
		Debug|Any CPU = Debug|Any CPU
		Release|Any CPU = Release|Any CPU
	EndGlobalSection
	GlobalSection(ProjectConfigurationPlatforms) = postSolution
		{076A27CA-F904-4D63-B4AB-997B9952450F}.Debug|Any CPU.ActiveCfg = Debug|Any CPU
		{076A27CA-F904-4D63-B4AB-997B9952450F}.Debug|Any CPU.Build.0 = Debug|Any CPU
		{076A27CA-F904-4D63-B4AB-997B9952450F}.Release|Any CPU.ActiveCfg = Release|Any CPU
		{076A27CA-F904-4D63-B4AB-997B9952450F}.Release|Any CPU.Build.0 = Release|Any CPU
	EndGlobalSection
	GlobalSection(SolutionProperties) = preSolution
		HideSolutionNode = FALSE
	EndGlobalSection
	GlobalSection(ExtensibilityGlobals) = postSolution
		SolutionGuid = {19BC6299-5C32-4B83-AEA8-5489A5B23354}
	EndGlobalSection
EndGlobal
