
Microsoft Visual Studio Solution File, Format Version 12.00
# Visual Studio Version 17
VisualStudioVersion = 17.9.34622.214
MinimumVisualStudioVersion = 10.0.40219.1
Project("{FAE04EC0-301F-11D3-BF4B-00C04F79EFBC}") = "Lab-1", "Lab-1.csproj", "{30D97A4C-0533-4F45-AC73-C9ED9989C3DE}"
EndProject
Global
	GlobalSection(SolutionConfigurationPlatforms) = preSolution
		Debug|Any CPU = Debug|Any CPU
		Release|Any CPU = Release|Any CPU
	EndGlobalSection
	GlobalSection(ProjectConfigurationPlatforms) = postSolution
		{30D97A4C-0533-4F45-AC73-C9ED9989C3DE}.Debug|Any CPU.ActiveCfg = Debug|Any CPU
		{30D97A4C-0533-4F45-AC73-C9ED9989C3DE}.Debug|Any CPU.Build.0 = Debug|Any CPU
		{30D97A4C-0533-4F45-AC73-C9ED9989C3DE}.Release|Any CPU.ActiveCfg = Release|Any CPU
		{30D97A4C-0533-4F45-AC73-C9ED9989C3DE}.Release|Any CPU.Build.0 = Release|Any CPU
	EndGlobalSection
	GlobalSection(SolutionProperties) = preSolution
		HideSolutionNode = FALSE
	EndGlobalSection
	GlobalSection(ExtensibilityGlobals) = postSolution
		SolutionGuid = {A45290A8-A03F-431A-9DBA-04ABC3008972}
	EndGlobalSection
EndGlobal
